
Microsoft Visual Studio Solution File, Format Version 12.00
# Visual Studio Version 16
VisualStudioVersion = 16.0.31911.196
MinimumVisualStudioVersion = 10.0.40219.1
Project("{FAE04EC0-301F-11D3-BF4B-00C04F79EFBC}") = "DISTO_DMH2_PROTO_2", "DISTO_DMH2_PROTO_2\DISTO_DMH2_PROTO_2.csproj", "{50576066-E6D3-49EB-BFFA-55A48B2FFD2A}"
EndProject
Global
	GlobalSection(SolutionConfigurationPlatforms) = preSolution
		Debug|Any CPU = Debug|Any CPU
		Release|Any CPU = Release|Any CPU
	EndGlobalSection
	GlobalSection(ProjectConfigurationPlatforms) = postSolution
		{50576066-E6D3-49EB-BFFA-55A48B2FFD2A}.Debug|Any CPU.ActiveCfg = Debug|Any CPU
		{50576066-E6D3-49EB-BFFA-55A48B2FFD2A}.Debug|Any CPU.Build.0 = Debug|Any CPU
		{50576066-E6D3-49EB-BFFA-55A48B2FFD2A}.Release|Any CPU.ActiveCfg = Release|Any CPU
		{50576066-E6D3-49EB-BFFA-55A48B2FFD2A}.Release|Any CPU.Build.0 = Release|Any CPU
	EndGlobalSection
	GlobalSection(SolutionProperties) = preSolution
		HideSolutionNode = FALSE
	EndGlobalSection
	GlobalSection(ExtensibilityGlobals) = postSolution
		SolutionGuid = {B6CCBF24-555D-43C0-89A6-D5B8AE3859B0}
	EndGlobalSection
EndGlobal
